
Microsoft Visual Studio Solution File, Format Version 12.00
# Visual Studio Version 17
VisualStudioVersion = 17.5.002.0
MinimumVisualStudioVersion = 10.0.40219.1
Project("{9A19103F-16F7-4668-BE54-9A1E7A4F7556}") = "E2EMantis", "E2EMantis.csproj", "{D4077135-7341-474B-A514-E84616568C6C}"
EndProject
Global
	GlobalSection(SolutionConfigurationPlatforms) = preSolution
		Debug|Any CPU = Debug|Any CPU
		Release|Any CPU = Release|Any CPU
	EndGlobalSection
	GlobalSection(ProjectConfigurationPlatforms) = postSolution
		{D4077135-7341-474B-A514-E84616568C6C}.Debug|Any CPU.ActiveCfg = Debug|Any CPU
		{D4077135-7341-474B-A514-E84616568C6C}.Debug|Any CPU.Build.0 = Debug|Any CPU
		{D4077135-7341-474B-A514-E84616568C6C}.Release|Any CPU.ActiveCfg = Release|Any CPU
		{D4077135-7341-474B-A514-E84616568C6C}.Release|Any CPU.Build.0 = Release|Any CPU
	EndGlobalSection
	GlobalSection(SolutionProperties) = preSolution
		HideSolutionNode = FALSE
	EndGlobalSection
	GlobalSection(ExtensibilityGlobals) = postSolution
		SolutionGuid = {51A8E037-EA89-4024-9646-B6FBD30578DB}
	EndGlobalSection
EndGlobal
